
Microsoft Visual Studio Solution File, Format Version 12.00
# Visual Studio Version 17
VisualStudioVersion = 17.7.34024.191
MinimumVisualStudioVersion = 10.0.40219.1
Project("{FAE04EC0-301F-11D3-BF4B-00C04F79EFBC}") = "ForumAEVO", "ForumAEVO\ForumAEVO.csproj", "{67676778-08EC-4510-BCEE-41BB5CA63139}"
EndProject
Global
	GlobalSection(SolutionConfigurationPlatforms) = preSolution
		Debug|Any CPU = Debug|Any CPU
		Release|Any CPU = Release|Any CPU
	EndGlobalSection
	GlobalSection(ProjectConfigurationPlatforms) = postSolution
		{67676778-08EC-4510-BCEE-41BB5CA63139}.Debug|Any CPU.ActiveCfg = Debug|Any CPU
		{67676778-08EC-4510-BCEE-41BB5CA63139}.Debug|Any CPU.Build.0 = Debug|Any CPU
		{67676778-08EC-4510-BCEE-41BB5CA63139}.Release|Any CPU.ActiveCfg = Release|Any CPU
		{67676778-08EC-4510-BCEE-41BB5CA63139}.Release|Any CPU.Build.0 = Release|Any CPU
	EndGlobalSection
	GlobalSection(SolutionProperties) = preSolution
		HideSolutionNode = FALSE
	EndGlobalSection
	GlobalSection(ExtensibilityGlobals) = postSolution
		SolutionGuid = {EFFD2F2D-0A1D-4179-A7C1-6BD3473F1DFB}
	EndGlobalSection
EndGlobal
